// !$*UTF8*$!
{
	archiveVersion = 1;
	classes = {
	};
	objectVersion = 50;
	objects = {

/* Begin PBXBuildFile section */
		6132E87521DE849B00BA0983 /* DataModel.xcdatamodeld in Sources */ = {isa = PBXBuildFile; fileRef = 6132E87321DE849B00BA0983 /* DataModel.xcdatamodeld */; };
		6132E87A21E644C600BA0983 /* CategoryTableVC.swift in Sources */ = {isa = PBXBuildFile; fileRef = 6132E87921E644C600BA0983 /* CategoryTableVC.swift */; };
		6161813F21DAB1D8003F1FCD /* AppDelegate.swift in Sources */ = {isa = PBXBuildFile; fileRef = 6161813E21DAB1D8003F1FCD /* AppDelegate.swift */; };
		6161814121DAB1D8003F1FCD /* ToDoVC.swift in Sources */ = {isa = PBXBuildFile; fileRef = 6161814021DAB1D8003F1FCD /* ToDoVC.swift */; };
		6161814421DAB1D8003F1FCD /* Main.storyboard in Resources */ = {isa = PBXBuildFile; fileRef = 6161814221DAB1D8003F1FCD /* Main.storyboard */; };
		6161814621DAB1DA003F1FCD /* Assets.xcassets in Resources */ = {isa = PBXBuildFile; fileRef = 6161814521DAB1DA003F1FCD /* Assets.xcassets */; };
		6161814921DAB1DA003F1FCD /* LaunchScreen.storyboard in Resources */ = {isa = PBXBuildFile; fileRef = 6161814721DAB1DA003F1FCD /* LaunchScreen.storyboard */; };
/* End PBXBuildFile section */

/* Begin PBXFileReference section */
		6132E87421DE849B00BA0983 /* DataModel.xcdatamodel */ = {isa = PBXFileReference; lastKnownFileType = wrapper.xcdatamodel; path = DataModel.xcdatamodel; sourceTree = "<group>"; };
		6132E87921E644C600BA0983 /* CategoryTableVC.swift */ = {isa = PBXFileReference; lastKnownFileType = sourcecode.swift; path = CategoryTableVC.swift; sourceTree = "<group>"; };
		6161813B21DAB1D8003F1FCD /* ToDoEasy.app */ = {isa = PBXFileReference; explicitFileType = wrapper.application; includeInIndex = 0; path = ToDoEasy.app; sourceTree = BUILT_PRODUCTS_DIR; };
		6161813E21DAB1D8003F1FCD /* AppDelegate.swift */ = {isa = PBXFileReference; lastKnownFileType = sourcecode.swift; path = AppDelegate.swift; sourceTree = "<group>"; };
		6161814021DAB1D8003F1FCD /* ToDoVC.swift */ = {isa = PBXFileReference; lastKnownFileType = sourcecode.swift; path = ToDoVC.swift; sourceTree = "<group>"; };
		6161814321DAB1D8003F1FCD /* Base */ = {isa = PBXFileReference; lastKnownFileType = file.storyboard; name = Base; path = Base.lproj/Main.storyboard; sourceTree = "<group>"; };
		6161814521DAB1DA003F1FCD /* Assets.xcassets */ = {isa = PBXFileReference; lastKnownFileType = folder.assetcatalog; path = Assets.xcassets; sourceTree = "<group>"; };
		6161814821DAB1DA003F1FCD /* Base */ = {isa = PBXFileReference; lastKnownFileType = file.storyboard; name = Base; path = Base.lproj/LaunchScreen.storyboard; sourceTree = "<group>"; };
		6161814A21DAB1DA003F1FCD /* Info.plist */ = {isa = PBXFileReference; lastKnownFileType = text.plist.xml; path = Info.plist; sourceTree = "<group>"; };
/* End PBXFileReference section */

/* Begin PBXFrameworksBuildPhase section */
		6161813821DAB1D8003F1FCD /* Frameworks */ = {
			isa = PBXFrameworksBuildPhase;
			buildActionMask = 2147483647;
			files = (
			);
			runOnlyForDeploymentPostprocessing = 0;
		};
/* End PBXFrameworksBuildPhase section */

/* Begin PBXGroup section */
		6132E87621E641B000BA0983 /* ViewController */ = {
			isa = PBXGroup;
			children = (
				6161814021DAB1D8003F1FCD /* ToDoVC.swift */,
				6132E87921E644C600BA0983 /* CategoryTableVC.swift */,
			);
			path = ViewController;
			sourceTree = "<group>";
		};
		6132E87721E641E400BA0983 /* Model */ = {
			isa = PBXGroup;
			children = (
				6132E87321DE849B00BA0983 /* DataModel.xcdatamodeld */,
			);
			path = Model;
			sourceTree = "<group>";
		};
		6132E87821E641F000BA0983 /* View */ = {
			isa = PBXGroup;
			children = (
				6161814221DAB1D8003F1FCD /* Main.storyboard */,
			);
			path = View;
			sourceTree = "<group>";
		};
		6161813221DAB1D8003F1FCD = {
			isa = PBXGroup;
			children = (
				6161813D21DAB1D8003F1FCD /* ToDoEasy */,
				6161813C21DAB1D8003F1FCD /* Products */,
			);
			sourceTree = "<group>";
		};
		6161813C21DAB1D8003F1FCD /* Products */ = {
			isa = PBXGroup;
			children = (
				6161813B21DAB1D8003F1FCD /* ToDoEasy.app */,
			);
			name = Products;
			sourceTree = "<group>";
		};
		6161813D21DAB1D8003F1FCD /* ToDoEasy */ = {
			isa = PBXGroup;
			children = (
				6161813E21DAB1D8003F1FCD /* AppDelegate.swift */,
				6132E87721E641E400BA0983 /* Model */,
				6132E87621E641B000BA0983 /* ViewController */,
				6132E87821E641F000BA0983 /* View */,
				6161814521DAB1DA003F1FCD /* Assets.xcassets */,
				6161814721DAB1DA003F1FCD /* LaunchScreen.storyboard */,
				6161814A21DAB1DA003F1FCD /* Info.plist */,
			);
			path = ToDoEasy;
			sourceTree = "<group>";
		};
/* End PBXGroup section */

/* Begin PBXNativeTarget section */
		6161813A21DAB1D8003F1FCD /* ToDoEasy */ = {
			isa = PBXNativeTarget;
			buildConfigurationList = 6161814D21DAB1DA003F1FCD /* Build configuration list for PBXNativeTarget "ToDoEasy" */;
			buildPhases = (
				6161813721DAB1D8003F1FCD /* Sources */,
				6161813821DAB1D8003F1FCD /* Frameworks */,
				6161813921DAB1D8003F1FCD /* Resources */,
			);
			buildRules = (
			);
			dependencies = (
			);
			name = ToDoEasy;
			productName = ToDoEasy;
			productReference = 6161813B21DAB1D8003F1FCD /* ToDoEasy.app */;
			productType = "com.apple.product-type.application";
		};
/* End PBXNativeTarget section */

/* Begin PBXProject section */
		6161813321DAB1D8003F1FCD /* Project object */ = {
			isa = PBXProject;
			attributes = {
				LastSwiftUpdateCheck = 1010;
				LastUpgradeCheck = 1010;
				ORGANIZATIONNAME = "Aukmate  Chayapiwat";
				TargetAttributes = {
					6161813A21DAB1D8003F1FCD = {
						CreatedOnToolsVersion = 10.1;
					};
				};
			};
			buildConfigurationList = 6161813621DAB1D8003F1FCD /* Build configuration list for PBXProject "ToDoEasy" */;
			compatibilityVersion = "Xcode 9.3";
			developmentRegion = en;
			hasScannedForEncodings = 0;
			knownRegions = (
				en,
				Base,
			);
			mainGroup = 6161813221DAB1D8003F1FCD;
			productRefGroup = 6161813C21DAB1D8003F1FCD /* Products */;
			projectDirPath = "";
			projectRoot = "";
			targets = (
				6161813A21DAB1D8003F1FCD /* ToDoEasy */,
			);
		};
/* End PBXProject section */

/* Begin PBXResourcesBuildPhase section */
		6161813921DAB1D8003F1FCD /* Resources */ = {
			isa = PBXResourcesBuildPhase;
			buildActionMask = 2147483647;
			files = (
				6161814921DAB1DA003F1FCD /* LaunchScreen.storyboard in Resources */,
				6161814621DAB1DA003F1FCD /* Assets.xcassets in Resources */,
				6161814421DAB1D8003F1FCD /* Main.storyboard in Resources */,
			);
			runOnlyForDeploymentPostprocessing = 0;
		};
/* End PBXResourcesBuildPhase section */

/* Begin PBXSourcesBuildPhase section */
		6161813721DAB1D8003F1FCD /* Sources */ = {
			isa = PBXSourcesBuildPhase;
			buildActionMask = 2147483647;
			files = (
				6161814121DAB1D8003F1FCD /* ToDoVC.swift in Sources */,
				6132E87521DE849B00BA0983 /* DataModel.xcdatamodeld in Sources */,
				6161813F21DAB1D8003F1FCD /* AppDelegate.swift in Sources */,
				6132E87A21E644C600BA0983 /* CategoryTableVC.swift in Sources */,
			);
			runOnlyForDeploymentPostprocessing = 0;
		};
/* End PBXSourcesBuildPhase section */

/* Begin PBXVariantGroup section */
		6161814221DAB1D8003F1FCD /* Main.storyboard */ = {
			isa = PBXVariantGroup;
			children = (
				6161814321DAB1D8003F1FCD /* Base */,
			);
			name = Main.storyboard;
			sourceTree = "<group>";
		};
		6161814721DAB1DA003F1FCD /* LaunchScreen.storyboard */ = {
			isa = PBXVariantGroup;
			children = (
				6161814821DAB1DA003F1FCD /* Base */,
			);
			name = LaunchScreen.storyboard;
			sourceTree = "<group>";
		};
/* End PBXVariantGroup section */

/* Begin XCBuildConfiguration section */
		6161814B21DAB1DA003F1FCD /* Debug */ = {
			isa = XCBuildConfiguration;
			buildSettings = {
				ALWAYS_SEARCH_USER_PATHS = NO;
				CLANG_ANALYZER_NONNULL = YES;
				CLANG_ANALYZER_NUMBER_OBJECT_CONVERSION = YES_AGGRESSIVE;
				CLANG_CXX_LANGUAGE_STANDARD = "gnu++14";
				CLANG_CXX_LIBRARY = "libc++";
				CLANG_ENABLE_MODULES = YES;
				CLANG_ENABLE_OBJC_ARC = YES;
				CLANG_ENABLE_OBJC_WEAK = YES;
				CLANG_WARN_BLOCK_CAPTURE_AUTORELEASING = YES;
				CLANG_WARN_BOOL_CONVERSION = YES;
				CLANG_WARN_COMMA = YES;
				CLANG_WARN_CONSTANT_CONVERSION = YES;
				CLANG_WARN_DEPRECATED_OBJC_IMPLEMENTATIONS = YES;
				CLANG_WARN_DIRECT_OBJC_ISA_USAGE = YES_ERROR;
				CLANG_WARN_DOCUMENTATION_COMMENTS = YES;
				CLANG_WARN_EMPTY_BODY = YES;
				CLANG_WARN_ENUM_CONVERSION = YES;
				CLANG_WARN_INFINITE_RECURSION = YES;
				CLANG_WARN_INT_CONVERSION = YES;
				CLANG_WARN_NON_LITERAL_NULL_CONVERSION = YES;
				CLANG_WARN_OBJC_IMPLICIT_RETAIN_SELF = YES;
				CLANG_WARN_OBJC_LITERAL_CONVERSION = YES;
				CLANG_WARN_OBJC_ROOT_CLASS = YES_ERROR;
				CLANG_WARN_RANGE_LOOP_ANALYSIS = YES;
				CLANG_WARN_STRICT_PROTOTYPES = YES;
				CLANG_WARN_SUSPICIOUS_MOVE = YES;
				CLANG_WARN_UNGUARDED_AVAILABILITY = YES_AGGRESSIVE;
				CLANG_WARN_UNREACHABLE_CODE = YES;
				CLANG_WARN__DUPLICATE_METHOD_MATCH = YES;
				CODE_SIGN_IDENTITY = "iPhone Developer";
				COPY_PHASE_STRIP = NO;
				DEBUG_INFORMATION_FORMAT = dwarf;
				ENABLE_STRICT_OBJC_MSGSEND = YES;
				ENABLE_TESTABILITY = YES;
				GCC_C_LANGUAGE_STANDARD = gnu11;
				GCC_DYNAMIC_NO_PIC = NO;
				GCC_NO_COMMON_BLOCKS = YES;
				GCC_OPTIMIZATION_LEVEL = 0;
				GCC_PREPROCESSOR_DEFINITIONS = (
					"DEBUG=1",
					"$(inherited)",
				);
				GCC_WARN_64_TO_32_BIT_CONVERSION = YES;
				GCC_WARN_ABOUT_RETURN_TYPE = YES_ERROR;
				GCC_WARN_UNDECLARED_SELECTOR = YES;
				GCC_WARN_UNINITIALIZED_AUTOS = YES_AGGRESSIVE;
				GCC_WARN_UNUSED_FUNCTION = YES;
				GCC_WARN_UNUSED_VARIABLE = YES;
				IPHONEOS_DEPLOYMENT_TARGET = 12.1;
				MTL_ENABLE_DEBUG_INFO = INCLUDE_SOURCE;
				MTL_FAST_MATH = YES;
				ONLY_ACTIVE_ARCH = YES;
				SDKROOT = iphoneos;
				SWIFT_ACTIVE_COMPILATION_CONDITIONS = DEBUG;
				SWIFT_OPTIMIZATION_LEVEL = "-Onone";
			};
			name = Debug;
		};
		6161814C21DAB1DA003F1FCD /* Release */ = {
			isa = XCBuildConfiguration;
			buildSettings = {
				ALWAYS_SEARCH_USER_PATHS = NO;
				CLANG_ANALYZER_NONNULL = YES;
				CLANG_ANALYZER_NUMBER_OBJECT_CONVERSION = YES_AGGRESSIVE;
				CLANG_CXX_LANGUAGE_STANDARD = "gnu++14";
				CLANG_CXX_LIBRARY = "libc++";
				CLANG_ENABLE_MODULES = YES;
				CLANG_ENABLE_OBJC_ARC = YES;
				CLANG_ENABLE_OBJC_WEAK = YES;
				CLANG_WARN_BLOCK_CAPTURE_AUTORELEASING = YES;
				CLANG_WARN_BOOL_CONVERSION = YES;
				CLANG_WARN_COMMA = YES;
				CLANG_WARN_CONSTANT_CONVERSION = YES;
				CLANG_WARN_DEPRECATED_OBJC_IMPLEMENTATIONS = YES;
				CLANG_WARN_DIRECT_OBJC_ISA_USAGE = YES_ERROR;
				CLANG_WARN_DOCUMENTATION_COMMENTS = YES;
				CLANG_WARN_EMPTY_BODY = YES;
				CLANG_WARN_ENUM_CONVERSION = YES;
				CLANG_WARN_INFINITE_RECURSION = YES;
				CLANG_WARN_INT_CONVERSION = YES;
				CLANG_WARN_NON_LITERAL_NULL_CONVERSION = YES;
				CLANG_WARN_OBJC_IMPLICIT_RETAIN_SELF = YES;
				CLANG_WARN_OBJC_LITERAL_CONVERSION = YES;
				CLANG_WARN_OBJC_ROOT_CLASS = YES_ERROR;
				CLANG_WARN_RANGE_LOOP_ANALYSIS = YES;
				CLANG_WARN_STRICT_PROTOTYPES = YES;
				CLANG_WARN_SUSPICIOUS_MOVE = YES;
				CLANG_WARN_UNGUARDED_AVAILABILITY = YES_AGGRESSIVE;
				CLANG_WARN_UNREACHABLE_CODE = YES;
				CLANG_WARN__DUPLICATE_METHOD_MATCH = YES;
				CODE_SIGN_IDENTITY = "iPhone Developer";
				COPY_PHASE_STRIP = NO;
				DEBUG_INFORMATION_FORMAT = "dwarf-with-dsym";
				ENABLE_NS_ASSERTIONS = NO;
				ENABLE_STRICT_OBJC_MSGSEND = YES;
				GCC_C_LANGUAGE_STANDARD = gnu11;
				GCC_NO_COMMON_BLOCKS = YES;
				GCC_WARN_64_TO_32_BIT_CONVERSION = YES;
				GCC_WARN_ABOUT_RETURN_TYPE = YES_ERROR;
				GCC_WARN_UNDECLARED_SELECTOR = YES;
				GCC_WARN_UNINITIALIZED_AUTOS = YES_AGGRESSIVE;
				GCC_WARN_UNUSED_FUNCTION = YES;
				GCC_WARN_UNUSED_VARIABLE = YES;
				IPHONEOS_DEPLOYMENT_TARGET = 12.1;
				MTL_ENABLE_DEBUG_INFO = NO;
				MTL_FAST_MATH = YES;
				SDKROOT = iphoneos;
				SWIFT_COMPILATION_MODE = wholemodule;
				SWIFT_OPTIMIZATION_LEVEL = "-O";
				VALIDATE_PRODUCT = YES;
			};
			name = Release;
		};
		6161814E21DAB1DA003F1FCD /* Debug */ = {
			isa = XCBuildConfiguration;
			buildSettings = {
				ASSETCATALOG_COMPILER_APPICON_NAME = AppIcon;
				CODE_SIGN_STYLE = Automatic;
				DEVELOPMENT_TEAM = C36U578Q4C;
				INFOPLIST_FILE = ToDoEasy/Info.plist;
				LD_RUNPATH_SEARCH_PATHS = (
					"$(inherited)",
					"@executable_path/Frameworks",
				);
				PRODUCT_BUNDLE_IDENTIFIER = "-0.ToDoEasy";
				PRODUCT_NAME = "$(TARGET_NAME)";
				SWIFT_VERSION = 4.2;
				TARGETED_DEVICE_FAMILY = "1,2";
			};
			name = Debug;
		};
		6161814F21DAB1DA003F1FCD /* Release */ = {
			isa = XCBuildConfiguration;
			buildSettings = {
				ASSETCATALOG_COMPILER_APPICON_NAME = AppIcon;
				CODE_SIGN_STYLE = Automatic;
				DEVELOPMENT_TEAM = C36U578Q4C;
				INFOPLIST_FILE = ToDoEasy/Info.plist;
				LD_RUNPATH_SEARCH_PATHS = (
					"$(inherited)",
					"@executable_path/Frameworks",
				);
				PRODUCT_BUNDLE_IDENTIFIER = "-0.ToDoEasy";
				PRODUCT_NAME = "$(TARGET_NAME)";
				SWIFT_VERSION = 4.2;
				TARGETED_DEVICE_FAMILY = "1,2";
			};
			name = Release;
		};
/* End XCBuildConfiguration section */

/* Begin XCConfigurationList section */
		6161813621DAB1D8003F1FCD /* Build configuration list for PBXProject "ToDoEasy" */ = {
			isa = XCConfigurationList;
			buildConfigurations = (
				6161814B21DAB1DA003F1FCD /* Debug */,
				6161814C21DAB1DA003F1FCD /* Release */,
			);
			defaultConfigurationIsVisible = 0;
			defaultConfigurationName = Release;
		};
		6161814D21DAB1DA003F1FCD /* Build configuration list for PBXNativeTarget "ToDoEasy" */ = {
			isa = XCConfigurationList;
			buildConfigurations = (
				6161814E21DAB1DA003F1FCD /* Debug */,
				6161814F21DAB1DA003F1FCD /* Release */,
			);
			defaultConfigurationIsVisible = 0;
			defaultConfigurationName = Release;
		};
/* End XCConfigurationList section */

/* Begin XCVersionGroup section */
		6132E87321DE849B00BA0983 /* DataModel.xcdatamodeld */ = {
			isa = XCVersionGroup;
			children = (
				6132E87421DE849B00BA0983 /* DataModel.xcdatamodel */,
			);
			currentVersion = 6132E87421DE849B00BA0983 /* DataModel.xcdatamodel */;
			path = DataModel.xcdatamodeld;
			sourceTree = "<group>";
			versionGroupType = wrapper.xcdatamodel;
		};
/* End XCVersionGroup section */
	};
	rootObject = 6161813321DAB1D8003F1FCD /* Project object */;
}
